// !$*UTF8*$!
{
	archiveVersion = 1;
	classes = {
	};
	objectVersion = 56;
	objects = {

/* Begin PBXBuildFile section */
		EC08712C284FE4700005F21B /* TravlrApp.swift in Sources */ = {isa = PBXBuildFile; fileRef = EC08712B284FE4700005F21B /* TravlrApp.swift */; };
		EC08712E284FE4700005F21B /* ContentView.swift in Sources */ = {isa = PBXBuildFile; fileRef = EC08712D284FE4700005F21B /* ContentView.swift */; };
		EC087130284FE4710005F21B /* Assets.xcassets in Resources */ = {isa = PBXBuildFile; fileRef = EC08712F284FE4710005F21B /* Assets.xcassets */; };
		EC087133284FE4710005F21B /* Preview Assets.xcassets in Resources */ = {isa = PBXBuildFile; fileRef = EC087132284FE4710005F21B /* Preview Assets.xcassets */; };
		EC81F63B284FF1DE00187559 /* tips.json in Resources */ = {isa = PBXBuildFile; fileRef = EC81F639284FF1DE00187559 /* tips.json */; };
		EC81F63C284FF1DE00187559 /* locations.json in Resources */ = {isa = PBXBuildFile; fileRef = EC81F63A284FF1DE00187559 /* locations.json */; };
		ECA962762870DA670024E251 /* Location.swift in Sources */ = {isa = PBXBuildFile; fileRef = ECA962752870DA670024E251 /* Location.swift */; };
		ECA962782870E1730024E251 /* Locations.swift in Sources */ = {isa = PBXBuildFile; fileRef = ECA962772870E1730024E251 /* Locations.swift */; };
		ECA9627A2870EABF0024E251 /* WorldView.swift in Sources */ = {isa = PBXBuildFile; fileRef = ECA962792870EABF0024E251 /* WorldView.swift */; };
		ECA9627C2870FFA30024E251 /* Tip.swift in Sources */ = {isa = PBXBuildFile; fileRef = ECA9627B2870FFA30024E251 /* Tip.swift */; };
		ECA9627E287100A00024E251 /* TipsView.swift in Sources */ = {isa = PBXBuildFile; fileRef = ECA9627D287100A00024E251 /* TipsView.swift */; };
/* End PBXBuildFile section */

/* Begin PBXFileReference section */
		EC087128284FE4700005F21B /* Travlr.app */ = {isa = PBXFileReference; explicitFileType = wrapper.application; includeInIndex = 0; path = Travlr.app; sourceTree = BUILT_PRODUCTS_DIR; };
		EC08712B284FE4700005F21B /* TravlrApp.swift */ = {isa = PBXFileReference; lastKnownFileType = sourcecode.swift; path = TravlrApp.swift; sourceTree = "<group>"; };
		EC08712D284FE4700005F21B /* ContentView.swift */ = {isa = PBXFileReference; lastKnownFileType = sourcecode.swift; path = ContentView.swift; sourceTree = "<group>"; };
		EC08712F284FE4710005F21B /* Assets.xcassets */ = {isa = PBXFileReference; lastKnownFileType = folder.assetcatalog; path = Assets.xcassets; sourceTree = "<group>"; };
		EC087132284FE4710005F21B /* Preview Assets.xcassets */ = {isa = PBXFileReference; lastKnownFileType = folder.assetcatalog; path = "Preview Assets.xcassets"; sourceTree = "<group>"; };
		EC81F639284FF1DE00187559 /* tips.json */ = {isa = PBXFileReference; fileEncoding = 4; lastKnownFileType = text.json; path = tips.json; sourceTree = "<group>"; };
		EC81F63A284FF1DE00187559 /* locations.json */ = {isa = PBXFileReference; fileEncoding = 4; lastKnownFileType = text.json; path = locations.json; sourceTree = "<group>"; };
		ECA962752870DA670024E251 /* Location.swift */ = {isa = PBXFileReference; lastKnownFileType = sourcecode.swift; path = Location.swift; sourceTree = "<group>"; };
		ECA962772870E1730024E251 /* Locations.swift */ = {isa = PBXFileReference; lastKnownFileType = sourcecode.swift; path = Locations.swift; sourceTree = "<group>"; };
		ECA962792870EABF0024E251 /* WorldView.swift */ = {isa = PBXFileReference; lastKnownFileType = sourcecode.swift; path = WorldView.swift; sourceTree = "<group>"; };
		ECA9627B2870FFA30024E251 /* Tip.swift */ = {isa = PBXFileReference; lastKnownFileType = sourcecode.swift; path = Tip.swift; sourceTree = "<group>"; };
		ECA9627D287100A00024E251 /* TipsView.swift */ = {isa = PBXFileReference; lastKnownFileType = sourcecode.swift; path = TipsView.swift; sourceTree = "<group>"; };
/* End PBXFileReference section */

/* Begin PBXFrameworksBuildPhase section */
		EC087125284FE4700005F21B /* Frameworks */ = {
			isa = PBXFrameworksBuildPhase;
			buildActionMask = 2147483647;
			files = (
			);
			runOnlyForDeploymentPostprocessing = 0;
		};
/* End PBXFrameworksBuildPhase section */

/* Begin PBXGroup section */
		EC08711F284FE4700005F21B = {
			isa = PBXGroup;
			children = (
				EC08712A284FE4700005F21B /* Travlr */,
				EC087129284FE4700005F21B /* Products */,
			);
			sourceTree = "<group>";
		};
		EC087129284FE4700005F21B /* Products */ = {
			isa = PBXGroup;
			children = (
				EC087128284FE4700005F21B /* Travlr.app */,
			);
			name = Products;
			sourceTree = "<group>";
		};
		EC08712A284FE4700005F21B /* Travlr */ = {
			isa = PBXGroup;
			children = (
				ECA962792870EABF0024E251 /* WorldView.swift */,
				ECA962772870E1730024E251 /* Locations.swift */,
				ECA962752870DA670024E251 /* Location.swift */,
				ECA9627B2870FFA30024E251 /* Tip.swift */,
				ECA9627D287100A00024E251 /* TipsView.swift */,
				EC08712B284FE4700005F21B /* TravlrApp.swift */,
				EC08712D284FE4700005F21B /* ContentView.swift */,
				EC08712F284FE4710005F21B /* Assets.xcassets */,
				EC81F63A284FF1DE00187559 /* locations.json */,
				EC81F639284FF1DE00187559 /* tips.json */,
				EC087131284FE4710005F21B /* Preview Content */,
			);
			path = Travlr;
			sourceTree = "<group>";
		};
		EC087131284FE4710005F21B /* Preview Content */ = {
			isa = PBXGroup;
			children = (
				EC087132284FE4710005F21B /* Preview Assets.xcassets */,
			);
			path = "Preview Content";
			sourceTree = "<group>";
		};
/* End PBXGroup section */

/* Begin PBXNativeTarget section */
		EC087127284FE4700005F21B /* Travlr */ = {
			isa = PBXNativeTarget;
			buildConfigurationList = EC087136284FE4710005F21B /* Build configuration list for PBXNativeTarget "Travlr" */;
			buildPhases = (
				EC087124284FE4700005F21B /* Sources */,
				EC087125284FE4700005F21B /* Frameworks */,
				EC087126284FE4700005F21B /* Resources */,
			);
			buildRules = (
			);
			dependencies = (
			);
			name = Travlr;
			productName = Travlr;
			productReference = EC087128284FE4700005F21B /* Travlr.app */;
			productType = "com.apple.product-type.application";
		};
/* End PBXNativeTarget section */

/* Begin PBXProject section */
		EC087120284FE4700005F21B /* Project object */ = {
			isa = PBXProject;
			attributes = {
				BuildIndependentTargetsInParallel = 1;
				LastSwiftUpdateCheck = 1400;
				LastUpgradeCheck = 1400;
				TargetAttributes = {
					EC087127284FE4700005F21B = {
						CreatedOnToolsVersion = 14.0;
					};
				};
			};
			buildConfigurationList = EC087123284FE4700005F21B /* Build configuration list for PBXProject "Travlr" */;
			compatibilityVersion = "Xcode 14.0";
			developmentRegion = en;
			hasScannedForEncodings = 0;
			knownRegions = (
				en,
				Base,
			);
			mainGroup = EC08711F284FE4700005F21B;
			productRefGroup = EC087129284FE4700005F21B /* Products */;
			projectDirPath = "";
			projectRoot = "";
			targets = (
				EC087127284FE4700005F21B /* Travlr */,
			);
		};
/* End PBXProject section */

/* Begin PBXResourcesBuildPhase section */
		EC087126284FE4700005F21B /* Resources */ = {
			isa = PBXResourcesBuildPhase;
			buildActionMask = 2147483647;
			files = (
				EC087133284FE4710005F21B /* Preview Assets.xcassets in Resources */,
				EC087130284FE4710005F21B /* Assets.xcassets in Resources */,
				EC81F63C284FF1DE00187559 /* locations.json in Resources */,
				EC81F63B284FF1DE00187559 /* tips.json in Resources */,
			);
			runOnlyForDeploymentPostprocessing = 0;
		};
/* End PBXResourcesBuildPhase section */

/* Begin PBXSourcesBuildPhase section */
		EC087124284FE4700005F21B /* Sources */ = {
			isa = PBXSourcesBuildPhase;
			buildActionMask = 2147483647;
			files = (
				EC08712E284FE4700005F21B /* ContentView.swift in Sources */,
				ECA962762870DA670024E251 /* Location.swift in Sources */,
				ECA9627A2870EABF0024E251 /* WorldView.swift in Sources */,
				ECA9627C2870FFA30024E251 /* Tip.swift in Sources */,
				ECA9627E287100A00024E251 /* TipsView.swift in Sources */,
				ECA962782870E1730024E251 /* Locations.swift in Sources */,
				EC08712C284FE4700005F21B /* TravlrApp.swift in Sources */,
			);
			runOnlyForDeploymentPostprocessing = 0;
		};
/* End PBXSourcesBuildPhase section */

/* Begin XCBuildConfiguration section */
		EC087134284FE4710005F21B /* Debug */ = {
			isa = XCBuildConfiguration;
			buildSettings = {
				ALWAYS_SEARCH_USER_PATHS = NO;
				CLANG_ANALYZER_NONNULL = YES;
				CLANG_ANALYZER_NUMBER_OBJECT_CONVERSION = YES_AGGRESSIVE;
				CLANG_CXX_LANGUAGE_STANDARD = "gnu++17";
				CLANG_ENABLE_MODULES = YES;
				CLANG_ENABLE_OBJC_ARC = YES;
				CLANG_ENABLE_OBJC_WEAK = YES;
				CLANG_WARN_BLOCK_CAPTURE_AUTORELEASING = YES;
				CLANG_WARN_BOOL_CONVERSION = YES;
				CLANG_WARN_COMMA = YES;
				CLANG_WARN_CONSTANT_CONVERSION = YES;
				CLANG_WARN_DEPRECATED_OBJC_IMPLEMENTATIONS = YES;
				CLANG_WARN_DIRECT_OBJC_ISA_USAGE = YES_ERROR;
				CLANG_WARN_DOCUMENTATION_COMMENTS = YES;
				CLANG_WARN_EMPTY_BODY = YES;
				CLANG_WARN_ENUM_CONVERSION = YES;
				CLANG_WARN_INFINITE_RECURSION = YES;
				CLANG_WARN_INT_CONVERSION = YES;
				CLANG_WARN_NON_LITERAL_NULL_CONVERSION = YES;
				CLANG_WARN_OBJC_IMPLICIT_RETAIN_SELF = YES;
				CLANG_WARN_OBJC_LITERAL_CONVERSION = YES;
				CLANG_WARN_OBJC_ROOT_CLASS = YES_ERROR;
				CLANG_WARN_QUOTED_INCLUDE_IN_FRAMEWORK_HEADER = YES;
				CLANG_WARN_RANGE_LOOP_ANALYSIS = YES;
				CLANG_WARN_STRICT_PROTOTYPES = YES;
				CLANG_WARN_SUSPICIOUS_MOVE = YES;
				CLANG_WARN_UNGUARDED_AVAILABILITY = YES_AGGRESSIVE;
				CLANG_WARN_UNREACHABLE_CODE = YES;
				CLANG_WARN__DUPLICATE_METHOD_MATCH = YES;
				COPY_PHASE_STRIP = NO;
				DEBUG_INFORMATION_FORMAT = dwarf;
				ENABLE_STRICT_OBJC_MSGSEND = YES;
				ENABLE_TESTABILITY = YES;
				GCC_C_LANGUAGE_STANDARD = gnu11;
				GCC_DYNAMIC_NO_PIC = NO;
				GCC_NO_COMMON_BLOCKS = YES;
				GCC_OPTIMIZATION_LEVEL = 0;
				GCC_PREPROCESSOR_DEFINITIONS = (
					"DEBUG=1",
					"$(inherited)",
				);
				GCC_WARN_64_TO_32_BIT_CONVERSION = YES;
				GCC_WARN_ABOUT_RETURN_TYPE = YES_ERROR;
				GCC_WARN_UNDECLARED_SELECTOR = YES;
				GCC_WARN_UNINITIALIZED_AUTOS = YES_AGGRESSIVE;
				GCC_WARN_UNUSED_FUNCTION = YES;
				GCC_WARN_UNUSED_VARIABLE = YES;
				IPHONEOS_DEPLOYMENT_TARGET = 16.0;
				MTL_ENABLE_DEBUG_INFO = INCLUDE_SOURCE;
				MTL_FAST_MATH = YES;
				ONLY_ACTIVE_ARCH = YES;
				SDKROOT = iphoneos;
				SWIFT_ACTIVE_COMPILATION_CONDITIONS = DEBUG;
				SWIFT_OPTIMIZATION_LEVEL = "-Onone";
			};
			name = Debug;
		};
		EC087135284FE4710005F21B /* Release */ = {
			isa = XCBuildConfiguration;
			buildSettings = {
				ALWAYS_SEARCH_USER_PATHS = NO;
				CLANG_ANALYZER_NONNULL = YES;
				CLANG_ANALYZER_NUMBER_OBJECT_CONVERSION = YES_AGGRESSIVE;
				CLANG_CXX_LANGUAGE_STANDARD = "gnu++17";
				CLANG_ENABLE_MODULES = YES;
				CLANG_ENABLE_OBJC_ARC = YES;
				CLANG_ENABLE_OBJC_WEAK = YES;
				CLANG_WARN_BLOCK_CAPTURE_AUTORELEASING = YES;
				CLANG_WARN_BOOL_CONVERSION = YES;
				CLANG_WARN_COMMA = YES;
				CLANG_WARN_CONSTANT_CONVERSION = YES;
				CLANG_WARN_DEPRECATED_OBJC_IMPLEMENTATIONS = YES;
				CLANG_WARN_DIRECT_OBJC_ISA_USAGE = YES_ERROR;
				CLANG_WARN_DOCUMENTATION_COMMENTS = YES;
				CLANG_WARN_EMPTY_BODY = YES;
				CLANG_WARN_ENUM_CONVERSION = YES;
				CLANG_WARN_INFINITE_RECURSION = YES;
				CLANG_WARN_INT_CONVERSION = YES;
				CLANG_WARN_NON_LITERAL_NULL_CONVERSION = YES;
				CLANG_WARN_OBJC_IMPLICIT_RETAIN_SELF = YES;
				CLANG_WARN_OBJC_LITERAL_CONVERSION = YES;
				CLANG_WARN_OBJC_ROOT_CLASS = YES_ERROR;
				CLANG_WARN_QUOTED_INCLUDE_IN_FRAMEWORK_HEADER = YES;
				CLANG_WARN_RANGE_LOOP_ANALYSIS = YES;
				CLANG_WARN_STRICT_PROTOTYPES = YES;
				CLANG_WARN_SUSPICIOUS_MOVE = YES;
				CLANG_WARN_UNGUARDED_AVAILABILITY = YES_AGGRESSIVE;
				CLANG_WARN_UNREACHABLE_CODE = YES;
				CLANG_WARN__DUPLICATE_METHOD_MATCH = YES;
				COPY_PHASE_STRIP = NO;
				DEBUG_INFORMATION_FORMAT = "dwarf-with-dsym";
				ENABLE_NS_ASSERTIONS = NO;
				ENABLE_STRICT_OBJC_MSGSEND = YES;
				GCC_C_LANGUAGE_STANDARD = gnu11;
				GCC_NO_COMMON_BLOCKS = YES;
				GCC_WARN_64_TO_32_BIT_CONVERSION = YES;
				GCC_WARN_ABOUT_RETURN_TYPE = YES_ERROR;
				GCC_WARN_UNDECLARED_SELECTOR = YES;
				GCC_WARN_UNINITIALIZED_AUTOS = YES_AGGRESSIVE;
				GCC_WARN_UNUSED_FUNCTION = YES;
				GCC_WARN_UNUSED_VARIABLE = YES;
				IPHONEOS_DEPLOYMENT_TARGET = 16.0;
				MTL_ENABLE_DEBUG_INFO = NO;
				MTL_FAST_MATH = YES;
				SDKROOT = iphoneos;
				SWIFT_COMPILATION_MODE = wholemodule;
				SWIFT_OPTIMIZATION_LEVEL = "-O";
				VALIDATE_PRODUCT = YES;
			};
			name = Release;
		};
		EC087137284FE4710005F21B /* Debug */ = {
			isa = XCBuildConfiguration;
			buildSettings = {
				ASSETCATALOG_COMPILER_APPICON_NAME = AppIcon;
				ASSETCATALOG_COMPILER_GLOBAL_ACCENT_COLOR_NAME = AccentColor;
				CODE_SIGN_STYLE = Automatic;
				CURRENT_PROJECT_VERSION = 1;
				DEVELOPMENT_ASSET_PATHS = "\"Travlr/Preview Content\"";
				DEVELOPMENT_TEAM = LSXXB948VU;
				ENABLE_PREVIEWS = YES;
				GENERATE_INFOPLIST_FILE = YES;
				INFOPLIST_KEY_UIApplicationSceneManifest_Generation = YES;
				INFOPLIST_KEY_UIApplicationSupportsIndirectInputEvents = YES;
				INFOPLIST_KEY_UILaunchScreen_Generation = YES;
				INFOPLIST_KEY_UISupportedInterfaceOrientations_iPad = "UIInterfaceOrientationPortrait UIInterfaceOrientationPortraitUpsideDown UIInterfaceOrientationLandscapeLeft UIInterfaceOrientationLandscapeRight";
				INFOPLIST_KEY_UISupportedInterfaceOrientations_iPhone = "UIInterfaceOrientationPortrait UIInterfaceOrientationLandscapeLeft UIInterfaceOrientationLandscapeRight";
				LD_RUNPATH_SEARCH_PATHS = (
					"$(inherited)",
					"@executable_path/Frameworks",
				);
				MARKETING_VERSION = 1.0;
				PRODUCT_BUNDLE_IDENTIFIER = dev.albahae.Travlr;
				PRODUCT_NAME = "$(TARGET_NAME)";
				SWIFT_EMIT_LOC_STRINGS = YES;
				SWIFT_VERSION = 5.0;
				TARGETED_DEVICE_FAMILY = "1,2";
			};
			name = Debug;
		};
		EC087138284FE4710005F21B /* Release */ = {
			isa = XCBuildConfiguration;
			buildSettings = {
				ASSETCATALOG_COMPILER_APPICON_NAME = AppIcon;
				ASSETCATALOG_COMPILER_GLOBAL_ACCENT_COLOR_NAME = AccentColor;
				CODE_SIGN_STYLE = Automatic;
				CURRENT_PROJECT_VERSION = 1;
				DEVELOPMENT_ASSET_PATHS = "\"Travlr/Preview Content\"";
				DEVELOPMENT_TEAM = LSXXB948VU;
				ENABLE_PREVIEWS = YES;
				GENERATE_INFOPLIST_FILE = YES;
				INFOPLIST_KEY_UIApplicationSceneManifest_Generation = YES;
				INFOPLIST_KEY_UIApplicationSupportsIndirectInputEvents = YES;
				INFOPLIST_KEY_UILaunchScreen_Generation = YES;
				INFOPLIST_KEY_UISupportedInterfaceOrientations_iPad = "UIInterfaceOrientationPortrait UIInterfaceOrientationPortraitUpsideDown UIInterfaceOrientationLandscapeLeft UIInterfaceOrientationLandscapeRight";
				INFOPLIST_KEY_UISupportedInterfaceOrientations_iPhone = "UIInterfaceOrientationPortrait UIInterfaceOrientationLandscapeLeft UIInterfaceOrientationLandscapeRight";
				LD_RUNPATH_SEARCH_PATHS = (
					"$(inherited)",
					"@executable_path/Frameworks",
				);
				MARKETING_VERSION = 1.0;
				PRODUCT_BUNDLE_IDENTIFIER = dev.albahae.Travlr;
				PRODUCT_NAME = "$(TARGET_NAME)";
				SWIFT_EMIT_LOC_STRINGS = YES;
				SWIFT_VERSION = 5.0;
				TARGETED_DEVICE_FAMILY = "1,2";
			};
			name = Release;
		};
/* End XCBuildConfiguration section */

/* Begin XCConfigurationList section */
		EC087123284FE4700005F21B /* Build configuration list for PBXProject "Travlr" */ = {
			isa = XCConfigurationList;
			buildConfigurations = (
				EC087134284FE4710005F21B /* Debug */,
				EC087135284FE4710005F21B /* Release */,
			);
			defaultConfigurationIsVisible = 0;
			defaultConfigurationName = Release;
		};
		EC087136284FE4710005F21B /* Build configuration list for PBXNativeTarget "Travlr" */ = {
			isa = XCConfigurationList;
			buildConfigurations = (
				EC087137284FE4710005F21B /* Debug */,
				EC087138284FE4710005F21B /* Release */,
			);
			defaultConfigurationIsVisible = 0;
			defaultConfigurationName = Release;
		};
/* End XCConfigurationList section */
	};
	rootObject = EC087120284FE4700005F21B /* Project object */;
}
